// !$*UTF8*$!
{
	archiveVersion = 1;
	classes = {
	};
	objectVersion = 46;
	objects = {

/* Begin PBXBuildFile section */
		007E8B591B6F16E1007D1009 /* main.m in Sources */ = {isa = PBXBuildFile; fileRef = 007E8B581B6F16E1007D1009 /* main.m */; };
		007E8B5C1B6F16E1007D1009 /* AppDelegate.m in Sources */ = {isa = PBXBuildFile; fileRef = 007E8B5B1B6F16E1007D1009 /* AppDelegate.m */; };
		007E8B5F1B6F16E1007D1009 /* ViewController.m in Sources */ = {isa = PBXBuildFile; fileRef = 007E8B5E1B6F16E1007D1009 /* ViewController.m */; };
		007E8B621B6F16E1007D1009 /* Main.storyboard in Resources */ = {isa = PBXBuildFile; fileRef = 007E8B601B6F16E1007D1009 /* Main.storyboard */; };
		007E8B641B6F16E1007D1009 /* Images.xcassets in Resources */ = {isa = PBXBuildFile; fileRef = 007E8B631B6F16E1007D1009 /* Images.xcassets */; };
		007E8B671B6F16E1007D1009 /* LaunchScreen.xib in Resources */ = {isa = PBXBuildFile; fileRef = 007E8B651B6F16E1007D1009 /* LaunchScreen.xib */; };
		007E8B731B6F16E1007D1009 /* CopyPropertyListTestTests.m in Sources */ = {isa = PBXBuildFile; fileRef = 007E8B721B6F16E1007D1009 /* CopyPropertyListTestTests.m */; };
		007E8B7E1B6F1725007D1009 /* SomeClass.m in Sources */ = {isa = PBXBuildFile; fileRef = 007E8B7D1B6F1725007D1009 /* SomeClass.m */; };
		007E8B7F1B6F17D4007D1009 /* SomeClass.m in Sources */ = {isa = PBXBuildFile; fileRef = 007E8B7D1B6F1725007D1009 /* SomeClass.m */; };
/* End PBXBuildFile section */

/* Begin PBXContainerItemProxy section */
		007E8B6D1B6F16E1007D1009 /* PBXContainerItemProxy */ = {
			isa = PBXContainerItemProxy;
			containerPortal = 007E8B4B1B6F16E1007D1009 /* Project object */;
			proxyType = 1;
			remoteGlobalIDString = 007E8B521B6F16E1007D1009;
			remoteInfo = CopyPropertyListTest;
		};
/* End PBXContainerItemProxy section */

/* Begin PBXFileReference section */
		007E8B531B6F16E1007D1009 /* CopyPropertyListTest.app */ = {isa = PBXFileReference; explicitFileType = wrapper.application; includeInIndex = 0; path = CopyPropertyListTest.app; sourceTree = BUILT_PRODUCTS_DIR; };
		007E8B571B6F16E1007D1009 /* Info.plist */ = {isa = PBXFileReference; lastKnownFileType = text.plist.xml; path = Info.plist; sourceTree = "<group>"; };
		007E8B581B6F16E1007D1009 /* main.m */ = {isa = PBXFileReference; lastKnownFileType = sourcecode.c.objc; path = main.m; sourceTree = "<group>"; };
		007E8B5A1B6F16E1007D1009 /* AppDelegate.h */ = {isa = PBXFileReference; lastKnownFileType = sourcecode.c.h; path = AppDelegate.h; sourceTree = "<group>"; };
		007E8B5B1B6F16E1007D1009 /* AppDelegate.m */ = {isa = PBXFileReference; lastKnownFileType = sourcecode.c.objc; path = AppDelegate.m; sourceTree = "<group>"; };
		007E8B5D1B6F16E1007D1009 /* ViewController.h */ = {isa = PBXFileReference; lastKnownFileType = sourcecode.c.h; path = ViewController.h; sourceTree = "<group>"; };
		007E8B5E1B6F16E1007D1009 /* ViewController.m */ = {isa = PBXFileReference; lastKnownFileType = sourcecode.c.objc; path = ViewController.m; sourceTree = "<group>"; };
		007E8B611B6F16E1007D1009 /* Base */ = {isa = PBXFileReference; lastKnownFileType = file.storyboard; name = Base; path = Base.lproj/Main.storyboard; sourceTree = "<group>"; };
		007E8B631B6F16E1007D1009 /* Images.xcassets */ = {isa = PBXFileReference; lastKnownFileType = folder.assetcatalog; path = Images.xcassets; sourceTree = "<group>"; };
		007E8B661B6F16E1007D1009 /* Base */ = {isa = PBXFileReference; lastKnownFileType = file.xib; name = Base; path = Base.lproj/LaunchScreen.xib; sourceTree = "<group>"; };
		007E8B6C1B6F16E1007D1009 /* CopyPropertyListTestTests.xctest */ = {isa = PBXFileReference; explicitFileType = wrapper.cfbundle; includeInIndex = 0; path = CopyPropertyListTestTests.xctest; sourceTree = BUILT_PRODUCTS_DIR; };
		007E8B711B6F16E1007D1009 /* Info.plist */ = {isa = PBXFileReference; lastKnownFileType = text.plist.xml; path = Info.plist; sourceTree = "<group>"; };
		007E8B721B6F16E1007D1009 /* CopyPropertyListTestTests.m */ = {isa = PBXFileReference; lastKnownFileType = sourcecode.c.objc; path = CopyPropertyListTestTests.m; sourceTree = "<group>"; };
		007E8B7C1B6F1725007D1009 /* SomeClass.h */ = {isa = PBXFileReference; fileEncoding = 4; lastKnownFileType = sourcecode.c.h; path = SomeClass.h; sourceTree = "<group>"; };
		007E8B7D1B6F1725007D1009 /* SomeClass.m */ = {isa = PBXFileReference; fileEncoding = 4; lastKnownFileType = sourcecode.c.objc; path = SomeClass.m; sourceTree = "<group>"; };
/* End PBXFileReference section */

/* Begin PBXFrameworksBuildPhase section */
		007E8B501B6F16E1007D1009 /* Frameworks */ = {
			isa = PBXFrameworksBuildPhase;
			buildActionMask = 2147483647;
			files = (
			);
			runOnlyForDeploymentPostprocessing = 0;
		};
		007E8B691B6F16E1007D1009 /* Frameworks */ = {
			isa = PBXFrameworksBuildPhase;
			buildActionMask = 2147483647;
			files = (
			);
			runOnlyForDeploymentPostprocessing = 0;
		};
/* End PBXFrameworksBuildPhase section */

/* Begin PBXGroup section */
		007E8B4A1B6F16E1007D1009 = {
			isa = PBXGroup;
			children = (
				007E8B551B6F16E1007D1009 /* CopyPropertyListTest */,
				007E8B6F1B6F16E1007D1009 /* CopyPropertyListTestTests */,
				007E8B541B6F16E1007D1009 /* Products */,
			);
			sourceTree = "<group>";
		};
		007E8B541B6F16E1007D1009 /* Products */ = {
			isa = PBXGroup;
			children = (
				007E8B531B6F16E1007D1009 /* CopyPropertyListTest.app */,
				007E8B6C1B6F16E1007D1009 /* CopyPropertyListTestTests.xctest */,
			);
			name = Products;
			sourceTree = "<group>";
		};
		007E8B551B6F16E1007D1009 /* CopyPropertyListTest */ = {
			isa = PBXGroup;
			children = (
				007E8B5A1B6F16E1007D1009 /* AppDelegate.h */,
				007E8B5B1B6F16E1007D1009 /* AppDelegate.m */,
				007E8B5D1B6F16E1007D1009 /* ViewController.h */,
				007E8B5E1B6F16E1007D1009 /* ViewController.m */,
				007E8B601B6F16E1007D1009 /* Main.storyboard */,
				007E8B631B6F16E1007D1009 /* Images.xcassets */,
				007E8B651B6F16E1007D1009 /* LaunchScreen.xib */,
				007E8B561B6F16E1007D1009 /* Supporting Files */,
				007E8B7C1B6F1725007D1009 /* SomeClass.h */,
				007E8B7D1B6F1725007D1009 /* SomeClass.m */,
			);
			path = CopyPropertyListTest;
			sourceTree = "<group>";
		};
		007E8B561B6F16E1007D1009 /* Supporting Files */ = {
			isa = PBXGroup;
			children = (
				007E8B571B6F16E1007D1009 /* Info.plist */,
				007E8B581B6F16E1007D1009 /* main.m */,
			);
			name = "Supporting Files";
			sourceTree = "<group>";
		};
		007E8B6F1B6F16E1007D1009 /* CopyPropertyListTestTests */ = {
			isa = PBXGroup;
			children = (
				007E8B721B6F16E1007D1009 /* CopyPropertyListTestTests.m */,
				007E8B701B6F16E1007D1009 /* Supporting Files */,
			);
			path = CopyPropertyListTestTests;
			sourceTree = "<group>";
		};
		007E8B701B6F16E1007D1009 /* Supporting Files */ = {
			isa = PBXGroup;
			children = (
				007E8B711B6F16E1007D1009 /* Info.plist */,
			);
			name = "Supporting Files";
			sourceTree = "<group>";
		};
/* End PBXGroup section */

/* Begin PBXNativeTarget section */
		007E8B521B6F16E1007D1009 /* CopyPropertyListTest */ = {
			isa = PBXNativeTarget;
			buildConfigurationList = 007E8B761B6F16E1007D1009 /* Build configuration list for PBXNativeTarget "CopyPropertyListTest" */;
			buildPhases = (
				007E8B4F1B6F16E1007D1009 /* Sources */,
				007E8B501B6F16E1007D1009 /* Frameworks */,
				007E8B511B6F16E1007D1009 /* Resources */,
			);
			buildRules = (
			);
			dependencies = (
			);
			name = CopyPropertyListTest;
			productName = CopyPropertyListTest;
			productReference = 007E8B531B6F16E1007D1009 /* CopyPropertyListTest.app */;
			productType = "com.apple.product-type.application";
		};
		007E8B6B1B6F16E1007D1009 /* CopyPropertyListTestTests */ = {
			isa = PBXNativeTarget;
			buildConfigurationList = 007E8B791B6F16E1007D1009 /* Build configuration list for PBXNativeTarget "CopyPropertyListTestTests" */;
			buildPhases = (
				007E8B681B6F16E1007D1009 /* Sources */,
				007E8B691B6F16E1007D1009 /* Frameworks */,
				007E8B6A1B6F16E1007D1009 /* Resources */,
			);
			buildRules = (
			);
			dependencies = (
				007E8B6E1B6F16E1007D1009 /* PBXTargetDependency */,
			);
			name = CopyPropertyListTestTests;
			productName = CopyPropertyListTestTests;
			productReference = 007E8B6C1B6F16E1007D1009 /* CopyPropertyListTestTests.xctest */;
			productType = "com.apple.product-type.bundle.unit-test";
		};
/* End PBXNativeTarget section */

/* Begin PBXProject section */
		007E8B4B1B6F16E1007D1009 /* Project object */ = {
			isa = PBXProject;
			attributes = {
				LastUpgradeCheck = 0640;
				ORGANIZATIONNAME = "Xiao Xiao";
				TargetAttributes = {
					007E8B521B6F16E1007D1009 = {
						CreatedOnToolsVersion = 6.4;
					};
					007E8B6B1B6F16E1007D1009 = {
						CreatedOnToolsVersion = 6.4;
						TestTargetID = 007E8B521B6F16E1007D1009;
					};
				};
			};
			buildConfigurationList = 007E8B4E1B6F16E1007D1009 /* Build configuration list for PBXProject "CopyPropertyListTest" */;
			compatibilityVersion = "Xcode 3.2";
			developmentRegion = English;
			hasScannedForEncodings = 0;
			knownRegions = (
				en,
				Base,
			);
			mainGroup = 007E8B4A1B6F16E1007D1009;
			productRefGroup = 007E8B541B6F16E1007D1009 /* Products */;
			projectDirPath = "";
			projectRoot = "";
			targets = (
				007E8B521B6F16E1007D1009 /* CopyPropertyListTest */,
				007E8B6B1B6F16E1007D1009 /* CopyPropertyListTestTests */,
			);
		};
/* End PBXProject section */

/* Begin PBXResourcesBuildPhase section */
		007E8B511B6F16E1007D1009 /* Resources */ = {
			isa = PBXResourcesBuildPhase;
			buildActionMask = 2147483647;
			files = (
				007E8B621B6F16E1007D1009 /* Main.storyboard in Resources */,
				007E8B671B6F16E1007D1009 /* LaunchScreen.xib in Resources */,
				007E8B641B6F16E1007D1009 /* Images.xcassets in Resources */,
			);
			runOnlyForDeploymentPostprocessing = 0;
		};
		007E8B6A1B6F16E1007D1009 /* Resources */ = {
			isa = PBXResourcesBuildPhase;
			buildActionMask = 2147483647;
			files = (
			);
			runOnlyForDeploymentPostprocessing = 0;
		};
/* End PBXResourcesBuildPhase section */

/* Begin PBXSourcesBuildPhase section */
		007E8B4F1B6F16E1007D1009 /* Sources */ = {
			isa = PBXSourcesBuildPhase;
			buildActionMask = 2147483647;
			files = (
				007E8B7E1B6F1725007D1009 /* SomeClass.m in Sources */,
				007E8B5F1B6F16E1007D1009 /* ViewController.m in Sources */,
				007E8B5C1B6F16E1007D1009 /* AppDelegate.m in Sources */,
				007E8B591B6F16E1007D1009 /* main.m in Sources */,
			);
			runOnlyForDeploymentPostprocessing = 0;
		};
		007E8B681B6F16E1007D1009 /* Sources */ = {
			isa = PBXSourcesBuildPhase;
			buildActionMask = 2147483647;
			files = (
				007E8B7F1B6F17D4007D1009 /* SomeClass.m in Sources */,
				007E8B731B6F16E1007D1009 /* CopyPropertyListTestTests.m in Sources */,
			);
			runOnlyForDeploymentPostprocessing = 0;
		};
/* End PBXSourcesBuildPhase section */

/* Begin PBXTargetDependency section */
		007E8B6E1B6F16E1007D1009 /* PBXTargetDependency */ = {
			isa = PBXTargetDependency;
			target = 007E8B521B6F16E1007D1009 /* CopyPropertyListTest */;
			targetProxy = 007E8B6D1B6F16E1007D1009 /* PBXContainerItemProxy */;
		};
/* End PBXTargetDependency section */

/* Begin PBXVariantGroup section */
		007E8B601B6F16E1007D1009 /* Main.storyboard */ = {
			isa = PBXVariantGroup;
			children = (
				007E8B611B6F16E1007D1009 /* Base */,
			);
			name = Main.storyboard;
			sourceTree = "<group>";
		};
		007E8B651B6F16E1007D1009 /* LaunchScreen.xib */ = {
			isa = PBXVariantGroup;
			children = (
				007E8B661B6F16E1007D1009 /* Base */,
			);
			name = LaunchScreen.xib;
			sourceTree = "<group>";
		};
/* End PBXVariantGroup section */

/* Begin XCBuildConfiguration section */
		007E8B741B6F16E1007D1009 /* Debug */ = {
			isa = XCBuildConfiguration;
			buildSettings = {
				ALWAYS_SEARCH_USER_PATHS = NO;
				CLANG_CXX_LANGUAGE_STANDARD = "gnu++0x";
				CLANG_CXX_LIBRARY = "libc++";
				CLANG_ENABLE_MODULES = YES;
				CLANG_ENABLE_OBJC_ARC = YES;
				CLANG_WARN_BOOL_CONVERSION = YES;
				CLANG_WARN_CONSTANT_CONVERSION = YES;
				CLANG_WARN_DIRECT_OBJC_ISA_USAGE = YES_ERROR;
				CLANG_WARN_EMPTY_BODY = YES;
				CLANG_WARN_ENUM_CONVERSION = YES;
				CLANG_WARN_INT_CONVERSION = YES;
				CLANG_WARN_OBJC_ROOT_CLASS = YES_ERROR;
				CLANG_WARN_UNREACHABLE_CODE = YES;
				CLANG_WARN__DUPLICATE_METHOD_MATCH = YES;
				"CODE_SIGN_IDENTITY[sdk=iphoneos*]" = "iPhone Developer";
				COPY_PHASE_STRIP = NO;
				DEBUG_INFORMATION_FORMAT = "dwarf-with-dsym";
				ENABLE_STRICT_OBJC_MSGSEND = YES;
				GCC_C_LANGUAGE_STANDARD = gnu99;
				GCC_DYNAMIC_NO_PIC = NO;
				GCC_NO_COMMON_BLOCKS = YES;
				GCC_OPTIMIZATION_LEVEL = 0;
				GCC_PREPROCESSOR_DEFINITIONS = (
					"DEBUG=1",
					"$(inherited)",
				);
				GCC_SYMBOLS_PRIVATE_EXTERN = NO;
				GCC_WARN_64_TO_32_BIT_CONVERSION = YES;
				GCC_WARN_ABOUT_RETURN_TYPE = YES_ERROR;
				GCC_WARN_UNDECLARED_SELECTOR = YES;
				GCC_WARN_UNINITIALIZED_AUTOS = YES_AGGRESSIVE;
				GCC_WARN_UNUSED_FUNCTION = YES;
				GCC_WARN_UNUSED_VARIABLE = YES;
				IPHONEOS_DEPLOYMENT_TARGET = 8.4;
				MTL_ENABLE_DEBUG_INFO = YES;
				ONLY_ACTIVE_ARCH = YES;
				SDKROOT = iphoneos;
			};
			name = Debug;
		};
		007E8B751B6F16E1007D1009 /* Release */ = {
			isa = XCBuildConfiguration;
			buildSettings = {
				ALWAYS_SEARCH_USER_PATHS = NO;
				CLANG_CXX_LANGUAGE_STANDARD = "gnu++0x";
				CLANG_CXX_LIBRARY = "libc++";
				CLANG_ENABLE_MODULES = YES;
				CLANG_ENABLE_OBJC_ARC = YES;
				CLANG_WARN_BOOL_CONVERSION = YES;
				CLANG_WARN_CONSTANT_CONVERSION = YES;
				CLANG_WARN_DIRECT_OBJC_ISA_USAGE = YES_ERROR;
				CLANG_WARN_EMPTY_BODY = YES;
				CLANG_WARN_ENUM_CONVERSION = YES;
				CLANG_WARN_INT_CONVERSION = YES;
				CLANG_WARN_OBJC_ROOT_CLASS = YES_ERROR;
				CLANG_WARN_UNREACHABLE_CODE = YES;
				CLANG_WARN__DUPLICATE_METHOD_MATCH = YES;
				"CODE_SIGN_IDENTITY[sdk=iphoneos*]" = "iPhone Developer";
				COPY_PHASE_STRIP = NO;
				DEBUG_INFORMATION_FORMAT = "dwarf-with-dsym";
				ENABLE_NS_ASSERTIONS = NO;
				ENABLE_STRICT_OBJC_MSGSEND = YES;
				GCC_C_LANGUAGE_STANDARD = gnu99;
				GCC_NO_COMMON_BLOCKS = YES;
				GCC_WARN_64_TO_32_BIT_CONVERSION = YES;
				GCC_WARN_ABOUT_RETURN_TYPE = YES_ERROR;
				GCC_WARN_UNDECLARED_SELECTOR = YES;
				GCC_WARN_UNINITIALIZED_AUTOS = YES_AGGRESSIVE;
				GCC_WARN_UNUSED_FUNCTION = YES;
				GCC_WARN_UNUSED_VARIABLE = YES;
				IPHONEOS_DEPLOYMENT_TARGET = 8.4;
				MTL_ENABLE_DEBUG_INFO = NO;
				SDKROOT = iphoneos;
				VALIDATE_PRODUCT = YES;
			};
			name = Release;
		};
		007E8B771B6F16E1007D1009 /* Debug */ = {
			isa = XCBuildConfiguration;
			buildSettings = {
				ASSETCATALOG_COMPILER_APPICON_NAME = AppIcon;
				INFOPLIST_FILE = CopyPropertyListTest/Info.plist;
				LD_RUNPATH_SEARCH_PATHS = "$(inherited) @executable_path/Frameworks";
				PRODUCT_NAME = "$(TARGET_NAME)";
			};
			name = Debug;
		};
		007E8B781B6F16E1007D1009 /* Release */ = {
			isa = XCBuildConfiguration;
			buildSettings = {
				ASSETCATALOG_COMPILER_APPICON_NAME = AppIcon;
				INFOPLIST_FILE = CopyPropertyListTest/Info.plist;
				LD_RUNPATH_SEARCH_PATHS = "$(inherited) @executable_path/Frameworks";
				PRODUCT_NAME = "$(TARGET_NAME)";
			};
			name = Release;
		};
		007E8B7A1B6F16E1007D1009 /* Debug */ = {
			isa = XCBuildConfiguration;
			buildSettings = {
				BUNDLE_LOADER = "$(TEST_HOST)";
				FRAMEWORK_SEARCH_PATHS = (
					"$(SDKROOT)/Developer/Library/Frameworks",
					"$(inherited)",
				);
				GCC_PREPROCESSOR_DEFINITIONS = (
					"DEBUG=1",
					"$(inherited)",
				);
				INFOPLIST_FILE = CopyPropertyListTestTests/Info.plist;
				LD_RUNPATH_SEARCH_PATHS = "$(inherited) @executable_path/Frameworks @loader_path/Frameworks";
				PRODUCT_NAME = "$(TARGET_NAME)";
				TEST_HOST = "$(BUILT_PRODUCTS_DIR)/CopyPropertyListTest.app/CopyPropertyListTest";
			};
			name = Debug;
		};
		007E8B7B1B6F16E1007D1009 /* Release */ = {
			isa = XCBuildConfiguration;
			buildSettings = {
				BUNDLE_LOADER = "$(TEST_HOST)";
				FRAMEWORK_SEARCH_PATHS = (
					"$(SDKROOT)/Developer/Library/Frameworks",
					"$(inherited)",
				);
				INFOPLIST_FILE = CopyPropertyListTestTests/Info.plist;
				LD_RUNPATH_SEARCH_PATHS = "$(inherited) @executable_path/Frameworks @loader_path/Frameworks";
				PRODUCT_NAME = "$(TARGET_NAME)";
				TEST_HOST = "$(BUILT_PRODUCTS_DIR)/CopyPropertyListTest.app/CopyPropertyListTest";
			};
			name = Release;
		};
/* End XCBuildConfiguration section */

/* Begin XCConfigurationList section */
		007E8B4E1B6F16E1007D1009 /* Build configuration list for PBXProject "CopyPropertyListTest" */ = {
			isa = XCConfigurationList;
			buildConfigurations = (
				007E8B741B6F16E1007D1009 /* Debug */,
				007E8B751B6F16E1007D1009 /* Release */,
			);
			defaultConfigurationIsVisible = 0;
			defaultConfigurationName = Release;
		};
		007E8B761B6F16E1007D1009 /* Build configuration list for PBXNativeTarget "CopyPropertyListTest" */ = {
			isa = XCConfigurationList;
			buildConfigurations = (
				007E8B771B6F16E1007D1009 /* Debug */,
				007E8B781B6F16E1007D1009 /* Release */,
			);
			defaultConfigurationIsVisible = 0;
		};
		007E8B791B6F16E1007D1009 /* Build configuration list for PBXNativeTarget "CopyPropertyListTestTests" */ = {
			isa = XCConfigurationList;
			buildConfigurations = (
				007E8B7A1B6F16E1007D1009 /* Debug */,
				007E8B7B1B6F16E1007D1009 /* Release */,
			);
			defaultConfigurationIsVisible = 0;
		};
/* End XCConfigurationList section */
	};
	rootObject = 007E8B4B1B6F16E1007D1009 /* Project object */;
}
